lockfileVersion: '9.0'

settings:
  autoInstallPeers: true
  excludeLinksFromLockfile: false

importers:

  .: {}

  codemods/solid-migration-assistant:
    dependencies:
      '@codemod.com/orchestration':
        specifier: link:../../../codemod/packages/orchestration
        version: link:../../../codemod/packages/orchestration
    devDependencies:
      '@codemod.com/jssg-types':
        specifier: 1.6.3
        version: 1.6.3
      '@types/node':
        specifier: ^24.13.4
        version: 24.13.4
      typescript:
        specifier: 6.0.3
        version: 6.0.3

packages:

  '@codemod.com/jssg-types@1.6.3':
    resolution: {integrity: sha512-b5829ixO5TdGL5xg5YcL9YfiLC3WwFZU+8Zx78NpsHlJ1iySbqfA0g0psqNXv8ss/r7hdpy2KiBXm3GE6bN5bQ==}

  '@types/node@24.13.4':
    resolution: {integrity: sha512-YJ7EqCstVTzIr0fMr7qul/977en+pQHrfmuKIo6Zr9i75Be21dr3MovcfvGtyvi2HAUrRerWps5sMO9I7WaxDw==}

  typescript@6.0.3:
    resolution: {integrity: sha512-y2TvuxSZPDyQakkFRPZHKFm+KKVqIisdg9/CZwm9ftvKXLP8NRWj38/ODjNbr43SsoXqNuAisEf1GdCxqWcdBw==}
    engines: {node: '>=14.17'}
    hasBin: true

  undici-types@7.18.2:
    resolution: {integrity: sha512-AsuCzffGHJybSaRrmr5eHr81mwJU3kjw6M+uprWvCXiNeN9SOGwQ3Jn8jb8m3Z6izVgknn1R0FTCEAP2QrLY/w==}

snapshots:

  '@codemod.com/jssg-types@1.6.3': {}

  '@types/node@24.13.4':
    dependencies:
      undici-types: 7.18.2

  typescript@6.0.3: {}

  undici-types@7.18.2: {}
