lockfileVersion: '9.0'

settings:
  autoInstallPeers: true
  excludeLinksFromLockfile: false

importers:

  .: {}

  codemods/solid-migration-assistant:
    dependencies:
      codemod:
        specifier: 1.12.13
        version: 1.12.13
    devDependencies:
      '@codemod.com/jssg-types':
        specifier: 1.6.2
        version: 1.6.2
      typescript:
        specifier: 6.0.3
        version: 6.0.3

packages:

  '@codemod.com/cli-darwin-arm64@1.12.13':
    resolution: {integrity: sha512-GFfRNIEUTBAfU7zOe8T5Blz31x22EqI/yyLkLlA8tFmLPWa76Ov3aYyGj3TrWkTH9/8cYEQEAYs+AHYXVlh0sA==}
    engines: {node: '>= 10'}
    cpu: [arm64]
    os: [darwin]

  '@codemod.com/cli-darwin-x64@1.12.13':
    resolution: {integrity: sha512-WI7DizgxOni63sH1Cwu5+nSgaTD8CjSTjJ7/LBdNz9azhSSKc8VIOtpUa+RNwWoYfp7M07zFf8F0qN7396Xghw==}
    engines: {node: '>= 10'}
    cpu: [x64]
    os: [darwin]

  '@codemod.com/cli-linux-arm64-gnu@1.12.13':
    resolution: {integrity: sha512-zLD4OdZMEMIBc2TGXmuevIXiOKPYoAkYXbsxTJakNC2ofZreREpfc7JJ5wt/A6ZUzvn5r9X8b2BSiUJvipTmNA==}
    engines: {node: '>= 10'}
    cpu: [arm64]
    os: [linux]
    libc: [glibc]

  '@codemod.com/cli-linux-x64-gnu@1.12.13':
    resolution: {integrity: sha512-kueb+zhR+cdbgtZAus6fMRIWq3ZuaKI5ZagDsB6fST7Qsee2Q2NQ+ZKSKm9QnjHiLYJla4wu0Idfvpn452YMjw==}
    engines: {node: '>= 10'}
    cpu: [x64]
    os: [linux]
    libc: [glibc]

  '@codemod.com/cli-win32-x64-msvc@1.12.13':
    resolution: {integrity: sha512-MEwB/lQJOiP4W9Alb+lQ6Z/Bcwjd8FfGN4u6od8I1TFXQEHmhokOYH7/gJwJ8g/ePQ8j9Rdlri0p6ICzbw1ShQ==}
    engines: {node: '>= 10'}
    cpu: [x64]
    os: [win32]

  '@codemod.com/jssg-types@1.6.2':
    resolution: {integrity: sha512-YnKYEwyD+wi0/ahDpsSxxutVBkOON46SrZjj7Z8w2CAAGhuMmighTM6g/MNk1GGjVUj1dULWVof5ArKLSYvnzg==}

  codemod@1.12.13:
    resolution: {integrity: sha512-ttBFwwjbuNS9CYsfaE84Jw/Sf7HDUpiC0TipQa74LGoVkGPkdgGcqAqQbJ9NuVY0BexEcoqQgYxNS2rYyybKjA==}
    engines: {node: '>= 16.0.0'}
    hasBin: true

  detect-libc@2.1.2:
    resolution: {integrity: sha512-Btj2BOOO83o3WyH59e8MgXsxEQVcarkUOpEYrubB0urwnN10yQ364rsiByU11nZlqWYZm05i/of7io4mzihBtQ==}
    engines: {node: '>=8'}

  typescript@6.0.3:
    resolution: {integrity: sha512-y2TvuxSZPDyQakkFRPZHKFm+KKVqIisdg9/CZwm9ftvKXLP8NRWj38/ODjNbr43SsoXqNuAisEf1GdCxqWcdBw==}
    engines: {node: '>=14.17'}
    hasBin: true

snapshots:

  '@codemod.com/cli-darwin-arm64@1.12.13':
    optional: true

  '@codemod.com/cli-darwin-x64@1.12.13':
    optional: true

  '@codemod.com/cli-linux-arm64-gnu@1.12.13':
    optional: true

  '@codemod.com/cli-linux-x64-gnu@1.12.13':
    optional: true

  '@codemod.com/cli-win32-x64-msvc@1.12.13':
    optional: true

  '@codemod.com/jssg-types@1.6.2': {}

  codemod@1.12.13:
    dependencies:
      detect-libc: 2.1.2
    optionalDependencies:
      '@codemod.com/cli-darwin-arm64': 1.12.13
      '@codemod.com/cli-darwin-x64': 1.12.13
      '@codemod.com/cli-linux-arm64-gnu': 1.12.13
      '@codemod.com/cli-linux-x64-gnu': 1.12.13
      '@codemod.com/cli-win32-x64-msvc': 1.12.13

  detect-libc@2.1.2: {}

  typescript@6.0.3: {}
