lockfileVersion: '9.0'

settings:
  autoInstallPeers: true
  excludeLinksFromLockfile: false

importers:

  .: {}

  codemods/solid-migration-assistant:
    devDependencies:
      '@codemod.com/jssg-types':
        specifier: 1.6.2
        version: 1.6.2
      typescript:
        specifier: 6.0.3
        version: 6.0.3

packages:

  '@codemod.com/jssg-types@1.6.2':
    resolution: {integrity: sha512-YnKYEwyD+wi0/ahDpsSxxutVBkOON46SrZjj7Z8w2CAAGhuMmighTM6g/MNk1GGjVUj1dULWVof5ArKLSYvnzg==}

  typescript@6.0.3:
    resolution: {integrity: sha512-y2TvuxSZPDyQakkFRPZHKFm+KKVqIisdg9/CZwm9ftvKXLP8NRWj38/ODjNbr43SsoXqNuAisEf1GdCxqWcdBw==}
    engines: {node: '>=14.17'}
    hasBin: true

snapshots:

  '@codemod.com/jssg-types@1.6.2': {}

  typescript@6.0.3: {}
